
Microsoft Visual Studio Solution File, Format Version 12.00
# Visual Studio 15
Project("{8BC9CEB8-8B4A-11D0-8D11-00A0C91BC942}") = "ALL_BUILD", "ALL_BUILD.vcxproj", "{0034FA6C-2387-3612-A29E-81E8A0C5F6B1}"
	ProjectSection(ProjectDependencies) = postProject
		{F3373E19-C80E-31EC-AEE5-7EC420B4B101} = {F3373E19-C80E-31EC-AEE5-7EC420B4B101}
		{1A266052-0E29-3BAA-98E9-27FF3DDC1A58} = {1A266052-0E29-3BAA-98E9-27FF3DDC1A58}
	EndProjectSection
EndProject
Project("{8BC9CEB8-8B4A-11D0-8D11-00A0C91BC942}") = "Core", "Core.vcxproj", "{F3373E19-C80E-31EC-AEE5-7EC420B4B101}"
	ProjectSection(ProjectDependencies) = postProject
		{1A266052-0E29-3BAA-98E9-27FF3DDC1A58} = {1A266052-0E29-3BAA-98E9-27FF3DDC1A58}
	EndProjectSection
EndProject
Project("{8BC9CEB8-8B4A-11D0-8D11-00A0C91BC942}") = "ZERO_CHECK", "..\\ZERO_CHECK.vcxproj", "{1A266052-0E29-3BAA-98E9-27FF3DDC1A58}"
	ProjectSection(ProjectDependencies) = postProject
	EndProjectSection
EndProject
Global
	GlobalSection(SolutionConfigurationPlatforms) = preSolution
		Debug|x64 = Debug|x64
		Release|x64 = Release|x64
		MinSizeRel|x64 = MinSizeRel|x64
		RelWithDebInfo|x64 = RelWithDebInfo|x64
	EndGlobalSection
	GlobalSection(ProjectConfigurationPlatforms) = postSolution
		{0034FA6C-2387-3612-A29E-81E8A0C5F6B1}.Debug|x64.ActiveCfg = Debug|x64
		{0034FA6C-2387-3612-A29E-81E8A0C5F6B1}.Release|x64.ActiveCfg = Release|x64
		{0034FA6C-2387-3612-A29E-81E8A0C5F6B1}.MinSizeRel|x64.ActiveCfg = MinSizeRel|x64
		{0034FA6C-2387-3612-A29E-81E8A0C5F6B1}.RelWithDebInfo|x64.ActiveCfg = RelWithDebInfo|x64
		{F3373E19-C80E-31EC-AEE5-7EC420B4B101}.Debug|x64.ActiveCfg = Debug|x64
		{F3373E19-C80E-31EC-AEE5-7EC420B4B101}.Debug|x64.Build.0 = Debug|x64
		{F3373E19-C80E-31EC-AEE5-7EC420B4B101}.Release|x64.ActiveCfg = Release|x64
		{F3373E19-C80E-31EC-AEE5-7EC420B4B101}.Release|x64.Build.0 = Release|x64
		{F3373E19-C80E-31EC-AEE5-7EC420B4B101}.MinSizeRel|x64.ActiveCfg = MinSizeRel|x64
		{F3373E19-C80E-31EC-AEE5-7EC420B4B101}.MinSizeRel|x64.Build.0 = MinSizeRel|x64
		{F3373E19-C80E-31EC-AEE5-7EC420B4B101}.RelWithDebInfo|x64.ActiveCfg = RelWithDebInfo|x64
		{F3373E19-C80E-31EC-AEE5-7EC420B4B101}.RelWithDebInfo|x64.Build.0 = RelWithDebInfo|x64
		{1A266052-0E29-3BAA-98E9-27FF3DDC1A58}.Debug|x64.ActiveCfg = Debug|x64
		{1A266052-0E29-3BAA-98E9-27FF3DDC1A58}.Debug|x64.Build.0 = Debug|x64
		{1A266052-0E29-3BAA-98E9-27FF3DDC1A58}.Release|x64.ActiveCfg = Release|x64
		{1A266052-0E29-3BAA-98E9-27FF3DDC1A58}.Release|x64.Build.0 = Release|x64
		{1A266052-0E29-3BAA-98E9-27FF3DDC1A58}.MinSizeRel|x64.ActiveCfg = MinSizeRel|x64
		{1A266052-0E29-3BAA-98E9-27FF3DDC1A58}.MinSizeRel|x64.Build.0 = MinSizeRel|x64
		{1A266052-0E29-3BAA-98E9-27FF3DDC1A58}.RelWithDebInfo|x64.ActiveCfg = RelWithDebInfo|x64
		{1A266052-0E29-3BAA-98E9-27FF3DDC1A58}.RelWithDebInfo|x64.Build.0 = RelWithDebInfo|x64
	EndGlobalSection
	GlobalSection(ExtensibilityGlobals) = postSolution
		SolutionGuid = {8791D4F9-BB13-3CA0-824E-1DF2880C6613}
	EndGlobalSection
	GlobalSection(ExtensibilityAddIns) = postSolution
	EndGlobalSection
EndGlobal
