<?xml version="1.0" encoding="utf-8"?>
<Project ToolsVersion="15.0" xmlns="http://schemas.microsoft.com/developer/msbuild/2003">
  <ItemGroup>
    <CustomBuild Include="E:\MyWorks\RiderProjects\Unknown3d\project\CMakeFiles\26341cc871061a14e89d2c80402c3ed6\generate.stamp.rule">
      <Filter>CMake Rules</Filter>
    </CustomBuild>
  </ItemGroup>
  <ItemGroup>
    <Filter Include="CMake Rules">
      <UniqueIdentifier>{B8546A78-0C34-301A-ABAE-78C9513F4542}</UniqueIdentifier>
    </Filter>
  </ItemGroup>
</Project>
